{
  "name": "numpyy",
  "version": "1.0.0",
  "lockfileVersion": 3,
  "requires": true,
  "packages": {
    "": {
      "name": "numpyy",
      "version": "1.0.0",
      "license": "MIT",
      "dependencies": {
        "elearningmeanlabpractical": "^1.0.0",
        "employeemeanlabpractical": "^1.0.0",
        "financemeanlabpractical": "^1.0.0",
        "todomeanlabpractical": "^1.0.0"
      }
    },
    "node_modules/elearningmeanlabpractical": {
      "version": "1.0.0",
      "resolved": "https://registry.npmjs.org/elearningmeanlabpractical/-/elearningmeanlabpractical-1.0.0.tgz",
      "integrity": "sha512-IcWqe3W/Njf0Z2uYCTi5P9H0NTQsdIjTky+s8Sg6aXlr2WmIut4ekeVbHc2S635vMuwKizmVcw4ticoOoG8APg=="
    },
    "node_modules/employeemeanlabpractical": {
      "version": "1.0.0",
      "resolved": "https://registry.npmjs.org/employeemeanlabpractical/-/employeemeanlabpractical-1.0.0.tgz",
      "integrity": "sha512-03cROYgaRNF7/8E7ixYf/ZRw+236xTnNUrVEEEbjpUZkcomf837M2wGyKbmTcQN5izXmKpvEOVTcdJdd6yh5Hg=="
    },
    "node_modules/financemeanlabpractical": {
      "version": "1.0.0",
      "resolved": "https://registry.npmjs.org/financemeanlabpractical/-/financemeanlabpractical-1.0.0.tgz",
      "integrity": "sha512-s1fhd5ubHjxM7xlUiC451S3lQZRvnfY3rhpl3JWzseZz2w5fm4p06FRBGb3fFCVdluUnu2bd/M0XRI2R2pLeKA=="
    },
    "node_modules/todomeanlabpractical": {
      "version": "1.0.0",
      "resolved": "https://registry.npmjs.org/todomeanlabpractical/-/todomeanlabpractical-1.0.0.tgz",
      "integrity": "sha512-H8rEnmmgyxZjGo36K7f8YuwVBCCmbGNDrY0ZqAupCoq6Ci8Af20e0VxNaPeNOdNNvNY0YgqFhY0qPT7Kh3NdIg=="
    }
  }
}
